
Microsoft Visual Studio Solution File, Format Version 12.00
# Visual Studio 14
VisualStudioVersion = 14.0.25420.1
MinimumVisualStudioVersion = 10.0.40219.1
Project("{FAE04EC0-301F-11D3-BF4B-00C04F79EFBC}") = "EsimenePraktikum", "EsimenPraktikum\EsimenePraktikum.csproj", "{C319FCA8-BAF2-4C80-9F73-A22C2112E516}"
EndProject
Project("{FAE04EC0-301F-11D3-BF4B-00C04F79EFBC}") = "Praktikum03", "Praktikum03\Praktikum03.csproj", "{DFB7B6A2-0ACA-4973-8481-6DECA94CC033}"
EndProject
Global
	GlobalSection(SolutionConfigurationPlatforms) = preSolution
		Debug|Any CPU = Debug|Any CPU
		Release|Any CPU = Release|Any CPU
	EndGlobalSection
	GlobalSection(ProjectConfigurationPlatforms) = postSolution
		{C319FCA8-BAF2-4C80-9F73-A22C2112E516}.Debug|Any CPU.ActiveCfg = Debug|Any CPU
		{C319FCA8-BAF2-4C80-9F73-A22C2112E516}.Debug|Any CPU.Build.0 = Debug|Any CPU
		{C319FCA8-BAF2-4C80-9F73-A22C2112E516}.Release|Any CPU.ActiveCfg = Release|Any CPU
		{C319FCA8-BAF2-4C80-9F73-A22C2112E516}.Release|Any CPU.Build.0 = Release|Any CPU
		{DFB7B6A2-0ACA-4973-8481-6DECA94CC033}.Debug|Any CPU.ActiveCfg = Debug|Any CPU
		{DFB7B6A2-0ACA-4973-8481-6DECA94CC033}.Debug|Any CPU.Build.0 = Debug|Any CPU
		{DFB7B6A2-0ACA-4973-8481-6DECA94CC033}.Release|Any CPU.ActiveCfg = Release|Any CPU
		{DFB7B6A2-0ACA-4973-8481-6DECA94CC033}.Release|Any CPU.Build.0 = Release|Any CPU
	EndGlobalSection
	GlobalSection(SolutionProperties) = preSolution
		HideSolutionNode = FALSE
	EndGlobalSection
EndGlobal
